
Microsoft Visual Studio Solution File, Format Version 12.00
# Visual Studio Version 16
VisualStudioVersion = 16.0.31702.278
MinimumVisualStudioVersion = 10.0.40219.1
Project("{FAE04EC0-301F-11D3-BF4B-00C04F79EFBC}") = "SportsStore", "SportsStore\SportsStore.csproj", "{3E89C6B8-A01F-4563-8A43-FB29C87311B3}"
EndProject
Global
	GlobalSection(SolutionConfigurationPlatforms) = preSolution
		Debug|Any CPU = Debug|Any CPU
		Release|Any CPU = Release|Any CPU
	EndGlobalSection
	GlobalSection(ProjectConfigurationPlatforms) = postSolution
		{3E89C6B8-A01F-4563-8A43-FB29C87311B3}.Debug|Any CPU.ActiveCfg = Debug|Any CPU
		{3E89C6B8-A01F-4563-8A43-FB29C87311B3}.Debug|Any CPU.Build.0 = Debug|Any CPU
		{3E89C6B8-A01F-4563-8A43-FB29C87311B3}.Release|Any CPU.ActiveCfg = Release|Any CPU
		{3E89C6B8-A01F-4563-8A43-FB29C87311B3}.Release|Any CPU.Build.0 = Release|Any CPU
	EndGlobalSection
	GlobalSection(SolutionProperties) = preSolution
		HideSolutionNode = FALSE
	EndGlobalSection
	GlobalSection(ExtensibilityGlobals) = postSolution
		SolutionGuid = {AFCCE807-2292-4D98-B9DD-22C078FD9E29}
	EndGlobalSection
EndGlobal
